# This file is automatically @generated by Cargo.
# It is not intended for manual editing.
version = 4

[[package]]
name = "arkode_rs"
version = "7.7.0"
dependencies = [
 "sundials_core",
]

[[package]]
name = "cvode_rs"
version = "7.7.0"
dependencies = [
 "sundials_core",
]

[[package]]
name = "cvodes_rs"
version = "7.7.0"
dependencies = [
 "sundials_core",
]

[[package]]
name = "ida_rs"
version = "7.7.0"
dependencies = [
 "sundials_core",
]

[[package]]
name = "idas_rs"
version = "7.7.0"
dependencies = [
 "sundials_core",
]

[[package]]
name = "kinsol_rs"
version = "7.7.0"
dependencies = [
 "sundials_core",
]

[[package]]
name = "sundials_core"
version = "7.7.0"
